
Microsoft Visual Studio Solution File, Format Version 12.00
# Visual Studio Version 18
VisualStudioVersion = 18.1.11312.151 d18.0
MinimumVisualStudioVersion = 10.0.40219.1
Project("{FAE04EC0-301F-11D3-BF4B-00C04F79EFBC}") = "BotyProjekt", "BotyProjekt.csproj", "{DDEFB6FA-B5A6-48CF-9CD7-B0B759B46C27}"
EndProject
Global
	GlobalSection(SolutionConfigurationPlatforms) = preSolution
		Debug|Any CPU = Debug|Any CPU
		Release|Any CPU = Release|Any CPU
	EndGlobalSection
	GlobalSection(ProjectConfigurationPlatforms) = postSolution
		{DDEFB6FA-B5A6-48CF-9CD7-B0B759B46C27}.Debug|Any CPU.ActiveCfg = Debug|Any CPU
		{DDEFB6FA-B5A6-48CF-9CD7-B0B759B46C27}.Debug|Any CPU.Build.0 = Debug|Any CPU
		{DDEFB6FA-B5A6-48CF-9CD7-B0B759B46C27}.Release|Any CPU.ActiveCfg = Release|Any CPU
		{DDEFB6FA-B5A6-48CF-9CD7-B0B759B46C27}.Release|Any CPU.Build.0 = Release|Any CPU
	EndGlobalSection
	GlobalSection(SolutionProperties) = preSolution
		HideSolutionNode = FALSE
	EndGlobalSection
	GlobalSection(ExtensibilityGlobals) = postSolution
		SolutionGuid = {7CB112C5-2933-4F02-A89B-D6ED020FB414}
	EndGlobalSection
EndGlobal
